
Microsoft Visual Studio Solution File, Format Version 12.00
# Visual Studio 14
VisualStudioVersion = 14.0.24720.0
MinimumVisualStudioVersion = 10.0.40219.1
Project("{FAE04EC0-301F-11D3-BF4B-00C04F79EFBC}") = "Calcular Imposto Renda", "Calcular Imposto Renda\Calcular Imposto Renda.csproj", "{2FC6B5EA-3AC5-4CDC-BE30-7BC0946C2080}"
EndProject
Global
	GlobalSection(SolutionConfigurationPlatforms) = preSolution
		Debug|Any CPU = Debug|Any CPU
		Release|Any CPU = Release|Any CPU
	EndGlobalSection
	GlobalSection(ProjectConfigurationPlatforms) = postSolution
		{2FC6B5EA-3AC5-4CDC-BE30-7BC0946C2080}.Debug|Any CPU.ActiveCfg = Debug|Any CPU
		{2FC6B5EA-3AC5-4CDC-BE30-7BC0946C2080}.Debug|Any CPU.Build.0 = Debug|Any CPU
		{2FC6B5EA-3AC5-4CDC-BE30-7BC0946C2080}.Release|Any CPU.ActiveCfg = Release|Any CPU
		{2FC6B5EA-3AC5-4CDC-BE30-7BC0946C2080}.Release|Any CPU.Build.0 = Release|Any CPU
	EndGlobalSection
	GlobalSection(SolutionProperties) = preSolution
		HideSolutionNode = FALSE
	EndGlobalSection
EndGlobal
